
Microsoft Visual Studio Solution File, Format Version 12.00
# Visual Studio Version 17
VisualStudioVersion = 17.5.002.0
MinimumVisualStudioVersion = 10.0.40219.1
Project("{9A19103F-16F7-4668-BE54-9A1E7A4F7556}") = "HexPrintFile", "HexPrintFile.csproj", "{5595A06A-DCA0-4137-87CD-F78E4EA75498}"
EndProject
Global
	GlobalSection(SolutionConfigurationPlatforms) = preSolution
		Debug|Any CPU = Debug|Any CPU
		Release|Any CPU = Release|Any CPU
	EndGlobalSection
	GlobalSection(ProjectConfigurationPlatforms) = postSolution
		{5595A06A-DCA0-4137-87CD-F78E4EA75498}.Debug|Any CPU.ActiveCfg = Debug|Any CPU
		{5595A06A-DCA0-4137-87CD-F78E4EA75498}.Debug|Any CPU.Build.0 = Debug|Any CPU
		{5595A06A-DCA0-4137-87CD-F78E4EA75498}.Release|Any CPU.ActiveCfg = Release|Any CPU
		{5595A06A-DCA0-4137-87CD-F78E4EA75498}.Release|Any CPU.Build.0 = Release|Any CPU
	EndGlobalSection
	GlobalSection(SolutionProperties) = preSolution
		HideSolutionNode = FALSE
	EndGlobalSection
	GlobalSection(ExtensibilityGlobals) = postSolution
		SolutionGuid = {42B8452C-6163-4F4C-B57B-ABC2F227C532}
	EndGlobalSection
EndGlobal
